// !$*UTF8*$!
{
	archiveVersion = 1;
	classes = {
	};
	objectVersion = 50;
	objects = {

/* Begin PBXBuildFile section */
		9A9DECE5245F4AC600CA0FCD /* MergeSort.swift in Sources */ = {isa = PBXBuildFile; fileRef = 9A9DECD5245F4AC500CA0FCD /* MergeSort.swift */; };
		9A9DECE6245F4AC600CA0FCD /* Djikstra.swift in Sources */ = {isa = PBXBuildFile; fileRef = 9A9DECD6245F4AC500CA0FCD /* Djikstra.swift */; };
		9A9DECE7245F4AC600CA0FCD /* GraphSearch.swift in Sources */ = {isa = PBXBuildFile; fileRef = 9A9DECD7245F4AC500CA0FCD /* GraphSearch.swift */; };
		9A9DECE8245F4AC600CA0FCD /* MinimumSpanningTreePrim.swift in Sources */ = {isa = PBXBuildFile; fileRef = 9A9DECD8245F4AC500CA0FCD /* MinimumSpanningTreePrim.swift */; };
		9A9DECE9245F4AC600CA0FCD /* MinimumSpanningTreeKruskal.swift in Sources */ = {isa = PBXBuildFile; fileRef = 9A9DECD9245F4AC500CA0FCD /* MinimumSpanningTreeKruskal.swift */; };
		9A9DECEA245F4AC600CA0FCD /* Knapsack.swift in Sources */ = {isa = PBXBuildFile; fileRef = 9A9DECDA245F4AC500CA0FCD /* Knapsack.swift */; };
		9A9DECEB245F4AC600CA0FCD /* Permutation.swift in Sources */ = {isa = PBXBuildFile; fileRef = 9A9DECDB245F4AC500CA0FCD /* Permutation.swift */; };
		9A9DECEC245F4AC600CA0FCD /* FloydWarshall.swift in Sources */ = {isa = PBXBuildFile; fileRef = 9A9DECDC245F4AC500CA0FCD /* FloydWarshall.swift */; };
		9A9DECED245F4AC600CA0FCD /* BellmanFord.swift in Sources */ = {isa = PBXBuildFile; fileRef = 9A9DECDD245F4AC500CA0FCD /* BellmanFord.swift */; };
		9A9DECEE245F4AC600CA0FCD /* MapReduce.swift in Sources */ = {isa = PBXBuildFile; fileRef = 9A9DECDE245F4AC500CA0FCD /* MapReduce.swift */; };
		9A9DECEF245F4AC600CA0FCD /* RabinKarp.swift in Sources */ = {isa = PBXBuildFile; fileRef = 9A9DECDF245F4AC500CA0FCD /* RabinKarp.swift */; };
		9A9DECF0245F4AC600CA0FCD /* TravelingSalesman.swift in Sources */ = {isa = PBXBuildFile; fileRef = 9A9DECE0245F4AC500CA0FCD /* TravelingSalesman.swift */; };
		9A9DECF1245F4AC600CA0FCD /* BipartiteGraphChecker.swift in Sources */ = {isa = PBXBuildFile; fileRef = 9A9DECE1245F4AC500CA0FCD /* BipartiteGraphChecker.swift */; };
		9A9DECF2245F4AC600CA0FCD /* TopologicalSort.swift in Sources */ = {isa = PBXBuildFile; fileRef = 9A9DECE2245F4AC500CA0FCD /* TopologicalSort.swift */; };
		9A9DECF3245F4AC600CA0FCD /* UniqueStringSearch.swift in Sources */ = {isa = PBXBuildFile; fileRef = 9A9DECE3245F4AC500CA0FCD /* UniqueStringSearch.swift */; };
		9A9DECF4245F4AC600CA0FCD /* QuickSort.swift in Sources */ = {isa = PBXBuildFile; fileRef = 9A9DECE4245F4AC500CA0FCD /* QuickSort.swift */; };
		9A9DED0A245F4B6E00CA0FCD /* HashTable.swift in Sources */ = {isa = PBXBuildFile; fileRef = 9A9DECF5245F4B6D00CA0FCD /* HashTable.swift */; };
		9A9DED0B245F4B6E00CA0FCD /* UndirectedGraph.swift in Sources */ = {isa = PBXBuildFile; fileRef = 9A9DECF6245F4B6D00CA0FCD /* UndirectedGraph.swift */; };
		9A9DED0C245F4B6E00CA0FCD /* WeightedDirectedGraph.swift in Sources */ = {isa = PBXBuildFile; fileRef = 9A9DECF7245F4B6D00CA0FCD /* WeightedDirectedGraph.swift */; };
		9A9DED0D245F4B6E00CA0FCD /* BTree.swift in Sources */ = {isa = PBXBuildFile; fileRef = 9A9DECF8245F4B6D00CA0FCD /* BTree.swift */; };
		9A9DED0E245F4B6E00CA0FCD /* DirectedGraph.swift in Sources */ = {isa = PBXBuildFile; fileRef = 9A9DECF9245F4B6D00CA0FCD /* DirectedGraph.swift */; };
		9A9DED0F245F4B6E00CA0FCD /* Trie.swift in Sources */ = {isa = PBXBuildFile; fileRef = 9A9DECFA245F4B6D00CA0FCD /* Trie.swift */; };
		9A9DED10245F4B6E00CA0FCD /* WeightedUndirectedGraph.swift in Sources */ = {isa = PBXBuildFile; fileRef = 9A9DECFB245F4B6E00CA0FCD /* WeightedUndirectedGraph.swift */; };
		9A9DED11245F4B6E00CA0FCD /* LinkedList.swift in Sources */ = {isa = PBXBuildFile; fileRef = 9A9DECFC245F4B6E00CA0FCD /* LinkedList.swift */; };
		9A9DED12245F4B6E00CA0FCD /* Stack.swift in Sources */ = {isa = PBXBuildFile; fileRef = 9A9DECFD245F4B6E00CA0FCD /* Stack.swift */; };
		9A9DED13245F4B6E00CA0FCD /* BitVector.swift in Sources */ = {isa = PBXBuildFile; fileRef = 9A9DECFE245F4B6E00CA0FCD /* BitVector.swift */; };
		9A9DED14245F4B6E00CA0FCD /* Queue.swift in Sources */ = {isa = PBXBuildFile; fileRef = 9A9DECFF245F4B6E00CA0FCD /* Queue.swift */; };
		9A9DED15245F4B6E00CA0FCD /* RedBlackTree.swift in Sources */ = {isa = PBXBuildFile; fileRef = 9A9DED00245F4B6E00CA0FCD /* RedBlackTree.swift */; };
		9A9DED16245F4B6E00CA0FCD /* MinHeap.swift in Sources */ = {isa = PBXBuildFile; fileRef = 9A9DED01245F4B6E00CA0FCD /* MinHeap.swift */; };
		9A9DED17245F4B6E00CA0FCD /* UndirectedGraphWithAdjMatrix.swift in Sources */ = {isa = PBXBuildFile; fileRef = 9A9DED02245F4B6E00CA0FCD /* UndirectedGraphWithAdjMatrix.swift */; };
		9A9DED18245F4B6E00CA0FCD /* Vertice.swift in Sources */ = {isa = PBXBuildFile; fileRef = 9A9DED03245F4B6E00CA0FCD /* Vertice.swift */; };
		9A9DED19245F4B6E00CA0FCD /* WeightedDirectedGraphWithAjdMatrix.swift in Sources */ = {isa = PBXBuildFile; fileRef = 9A9DED04245F4B6E00CA0FCD /* WeightedDirectedGraphWithAjdMatrix.swift */; };
		9A9DED1A245F4B6E00CA0FCD /* UnionFind.swift in Sources */ = {isa = PBXBuildFile; fileRef = 9A9DED05245F4B6E00CA0FCD /* UnionFind.swift */; };
		9A9DED1B245F4B6E00CA0FCD /* IndexedMinPriorityQueue.swift in Sources */ = {isa = PBXBuildFile; fileRef = 9A9DED06245F4B6E00CA0FCD /* IndexedMinPriorityQueue.swift */; };
		9A9DED1C245F4B6E00CA0FCD /* IntervalTree.swift in Sources */ = {isa = PBXBuildFile; fileRef = 9A9DED07245F4B6E00CA0FCD /* IntervalTree.swift */; };
		9A9DED1D245F4B6E00CA0FCD /* AVLTree.swift in Sources */ = {isa = PBXBuildFile; fileRef = 9A9DED08245F4B6E00CA0FCD /* AVLTree.swift */; };
		9A9DED1E245F4B6E00CA0FCD /* Edge.swift in Sources */ = {isa = PBXBuildFile; fileRef = 9A9DED09245F4B6E00CA0FCD /* Edge.swift */; };
		9AF47A032429354E00345C01 /* AppDelegate.swift in Sources */ = {isa = PBXBuildFile; fileRef = 9AF47A022429354E00345C01 /* AppDelegate.swift */; };
		9AF47A052429354E00345C01 /* SceneDelegate.swift in Sources */ = {isa = PBXBuildFile; fileRef = 9AF47A042429354E00345C01 /* SceneDelegate.swift */; };
		9AF47A072429354E00345C01 /* ViewController.swift in Sources */ = {isa = PBXBuildFile; fileRef = 9AF47A062429354E00345C01 /* ViewController.swift */; };
		9AF47A0A2429354E00345C01 /* Main.storyboard in Resources */ = {isa = PBXBuildFile; fileRef = 9AF47A082429354E00345C01 /* Main.storyboard */; };
		9AF47A0C2429354F00345C01 /* Assets.xcassets in Resources */ = {isa = PBXBuildFile; fileRef = 9AF47A0B2429354F00345C01 /* Assets.xcassets */; };
		9AF47A0F2429354F00345C01 /* LaunchScreen.storyboard in Resources */ = {isa = PBXBuildFile; fileRef = 9AF47A0D2429354F00345C01 /* LaunchScreen.storyboard */; };
/* End PBXBuildFile section */

/* Begin PBXFileReference section */
		9A9DECD5245F4AC500CA0FCD /* MergeSort.swift */ = {isa = PBXFileReference; fileEncoding = 4; lastKnownFileType = sourcecode.swift; name = MergeSort.swift; path = DataStructuresAlgorithms/Sources/Algorithms/MergeSort.swift; sourceTree = SOURCE_ROOT; };
		9A9DECD6245F4AC500CA0FCD /* Djikstra.swift */ = {isa = PBXFileReference; fileEncoding = 4; lastKnownFileType = sourcecode.swift; name = Djikstra.swift; path = DataStructuresAlgorithms/Sources/Algorithms/Djikstra.swift; sourceTree = SOURCE_ROOT; };
		9A9DECD7245F4AC500CA0FCD /* GraphSearch.swift */ = {isa = PBXFileReference; fileEncoding = 4; lastKnownFileType = sourcecode.swift; name = GraphSearch.swift; path = DataStructuresAlgorithms/Sources/Algorithms/GraphSearch.swift; sourceTree = SOURCE_ROOT; };
		9A9DECD8245F4AC500CA0FCD /* MinimumSpanningTreePrim.swift */ = {isa = PBXFileReference; fileEncoding = 4; lastKnownFileType = sourcecode.swift; name = MinimumSpanningTreePrim.swift; path = DataStructuresAlgorithms/Sources/Algorithms/MinimumSpanningTreePrim.swift; sourceTree = SOURCE_ROOT; };
		9A9DECD9245F4AC500CA0FCD /* MinimumSpanningTreeKruskal.swift */ = {isa = PBXFileReference; fileEncoding = 4; lastKnownFileType = sourcecode.swift; name = MinimumSpanningTreeKruskal.swift; path = DataStructuresAlgorithms/Sources/Algorithms/MinimumSpanningTreeKruskal.swift; sourceTree = SOURCE_ROOT; };
		9A9DECDA245F4AC500CA0FCD /* Knapsack.swift */ = {isa = PBXFileReference; fileEncoding = 4; lastKnownFileType = sourcecode.swift; name = Knapsack.swift; path = DataStructuresAlgorithms/Sources/Algorithms/Knapsack.swift; sourceTree = SOURCE_ROOT; };
		9A9DECDB245F4AC500CA0FCD /* Permutation.swift */ = {isa = PBXFileReference; fileEncoding = 4; lastKnownFileType = sourcecode.swift; name = Permutation.swift; path = DataStructuresAlgorithms/Sources/Algorithms/Permutation.swift; sourceTree = SOURCE_ROOT; };
		9A9DECDC245F4AC500CA0FCD /* FloydWarshall.swift */ = {isa = PBXFileReference; fileEncoding = 4; lastKnownFileType = sourcecode.swift; name = FloydWarshall.swift; path = DataStructuresAlgorithms/Sources/Algorithms/FloydWarshall.swift; sourceTree = SOURCE_ROOT; };
		9A9DECDD245F4AC500CA0FCD /* BellmanFord.swift */ = {isa = PBXFileReference; fileEncoding = 4; lastKnownFileType = sourcecode.swift; name = BellmanFord.swift; path = DataStructuresAlgorithms/Sources/Algorithms/BellmanFord.swift; sourceTree = SOURCE_ROOT; };
		9A9DECDE245F4AC500CA0FCD /* MapReduce.swift */ = {isa = PBXFileReference; fileEncoding = 4; lastKnownFileType = sourcecode.swift; name = MapReduce.swift; path = DataStructuresAlgorithms/Sources/Algorithms/MapReduce.swift; sourceTree = SOURCE_ROOT; };
		9A9DECDF245F4AC500CA0FCD /* RabinKarp.swift */ = {isa = PBXFileReference; fileEncoding = 4; lastKnownFileType = sourcecode.swift; name = RabinKarp.swift; path = DataStructuresAlgorithms/Sources/Algorithms/RabinKarp.swift; sourceTree = SOURCE_ROOT; };
		9A9DECE0245F4AC500CA0FCD /* TravelingSalesman.swift */ = {isa = PBXFileReference; fileEncoding = 4; lastKnownFileType = sourcecode.swift; name = TravelingSalesman.swift; path = DataStructuresAlgorithms/Sources/Algorithms/TravelingSalesman.swift; sourceTree = SOURCE_ROOT; };
		9A9DECE1245F4AC500CA0FCD /* BipartiteGraphChecker.swift */ = {isa = PBXFileReference; fileEncoding = 4; lastKnownFileType = sourcecode.swift; name = BipartiteGraphChecker.swift; path = DataStructuresAlgorithms/Sources/Algorithms/BipartiteGraphChecker.swift; sourceTree = SOURCE_ROOT; };
		9A9DECE2245F4AC500CA0FCD /* TopologicalSort.swift */ = {isa = PBXFileReference; fileEncoding = 4; lastKnownFileType = sourcecode.swift; name = TopologicalSort.swift; path = DataStructuresAlgorithms/Sources/Algorithms/TopologicalSort.swift; sourceTree = SOURCE_ROOT; };
		9A9DECE3245F4AC500CA0FCD /* UniqueStringSearch.swift */ = {isa = PBXFileReference; fileEncoding = 4; lastKnownFileType = sourcecode.swift; name = UniqueStringSearch.swift; path = DataStructuresAlgorithms/Sources/Algorithms/UniqueStringSearch.swift; sourceTree = SOURCE_ROOT; };
		9A9DECE4245F4AC500CA0FCD /* QuickSort.swift */ = {isa = PBXFileReference; fileEncoding = 4; lastKnownFileType = sourcecode.swift; name = QuickSort.swift; path = DataStructuresAlgorithms/Sources/Algorithms/QuickSort.swift; sourceTree = SOURCE_ROOT; };
		9A9DECF5245F4B6D00CA0FCD /* HashTable.swift */ = {isa = PBXFileReference; fileEncoding = 4; lastKnownFileType = sourcecode.swift; name = HashTable.swift; path = DataStructuresAlgorithms/Sources/DataStructures/HashTable.swift; sourceTree = SOURCE_ROOT; };
		9A9DECF6245F4B6D00CA0FCD /* UndirectedGraph.swift */ = {isa = PBXFileReference; fileEncoding = 4; lastKnownFileType = sourcecode.swift; name = UndirectedGraph.swift; path = DataStructuresAlgorithms/Sources/DataStructures/UndirectedGraph.swift; sourceTree = SOURCE_ROOT; };
		9A9DECF7245F4B6D00CA0FCD /* WeightedDirectedGraph.swift */ = {isa = PBXFileReference; fileEncoding = 4; lastKnownFileType = sourcecode.swift; name = WeightedDirectedGraph.swift; path = DataStructuresAlgorithms/Sources/DataStructures/WeightedDirectedGraph.swift; sourceTree = SOURCE_ROOT; };
		9A9DECF8245F4B6D00CA0FCD /* BTree.swift */ = {isa = PBXFileReference; fileEncoding = 4; lastKnownFileType = sourcecode.swift; name = BTree.swift; path = DataStructuresAlgorithms/Sources/DataStructures/BTree.swift; sourceTree = SOURCE_ROOT; };
		9A9DECF9245F4B6D00CA0FCD /* DirectedGraph.swift */ = {isa = PBXFileReference; fileEncoding = 4; lastKnownFileType = sourcecode.swift; name = DirectedGraph.swift; path = DataStructuresAlgorithms/Sources/DataStructures/DirectedGraph.swift; sourceTree = SOURCE_ROOT; };
		9A9DECFA245F4B6D00CA0FCD /* Trie.swift */ = {isa = PBXFileReference; fileEncoding = 4; lastKnownFileType = sourcecode.swift; name = Trie.swift; path = DataStructuresAlgorithms/Sources/DataStructures/Trie.swift; sourceTree = SOURCE_ROOT; };
		9A9DECFB245F4B6E00CA0FCD /* WeightedUndirectedGraph.swift */ = {isa = PBXFileReference; fileEncoding = 4; lastKnownFileType = sourcecode.swift; name = WeightedUndirectedGraph.swift; path = DataStructuresAlgorithms/Sources/DataStructures/WeightedUndirectedGraph.swift; sourceTree = SOURCE_ROOT; };
		9A9DECFC245F4B6E00CA0FCD /* LinkedList.swift */ = {isa = PBXFileReference; fileEncoding = 4; lastKnownFileType = sourcecode.swift; name = LinkedList.swift; path = DataStructuresAlgorithms/Sources/DataStructures/LinkedList.swift; sourceTree = SOURCE_ROOT; };
		9A9DECFD245F4B6E00CA0FCD /* Stack.swift */ = {isa = PBXFileReference; fileEncoding = 4; lastKnownFileType = sourcecode.swift; name = Stack.swift; path = DataStructuresAlgorithms/Sources/DataStructures/Stack.swift; sourceTree = SOURCE_ROOT; };
		9A9DECFE245F4B6E00CA0FCD /* BitVector.swift */ = {isa = PBXFileReference; fileEncoding = 4; lastKnownFileType = sourcecode.swift; name = BitVector.swift; path = DataStructuresAlgorithms/Sources/DataStructures/BitVector.swift; sourceTree = SOURCE_ROOT; };
		9A9DECFF245F4B6E00CA0FCD /* Queue.swift */ = {isa = PBXFileReference; fileEncoding = 4; lastKnownFileType = sourcecode.swift; name = Queue.swift; path = DataStructuresAlgorithms/Sources/DataStructures/Queue.swift; sourceTree = SOURCE_ROOT; };
		9A9DED00245F4B6E00CA0FCD /* RedBlackTree.swift */ = {isa = PBXFileReference; fileEncoding = 4; lastKnownFileType = sourcecode.swift; name = RedBlackTree.swift; path = DataStructuresAlgorithms/Sources/DataStructures/RedBlackTree.swift; sourceTree = SOURCE_ROOT; };
		9A9DED01245F4B6E00CA0FCD /* MinHeap.swift */ = {isa = PBXFileReference; fileEncoding = 4; lastKnownFileType = sourcecode.swift; name = MinHeap.swift; path = DataStructuresAlgorithms/Sources/DataStructures/MinHeap.swift; sourceTree = SOURCE_ROOT; };
		9A9DED02245F4B6E00CA0FCD /* UndirectedGraphWithAdjMatrix.swift */ = {isa = PBXFileReference; fileEncoding = 4; lastKnownFileType = sourcecode.swift; name = UndirectedGraphWithAdjMatrix.swift; path = DataStructuresAlgorithms/Sources/DataStructures/UndirectedGraphWithAdjMatrix.swift; sourceTree = SOURCE_ROOT; };
		9A9DED03245F4B6E00CA0FCD /* Vertice.swift */ = {isa = PBXFileReference; fileEncoding = 4; lastKnownFileType = sourcecode.swift; name = Vertice.swift; path = DataStructuresAlgorithms/Sources/DataStructures/Vertice.swift; sourceTree = SOURCE_ROOT; };
		9A9DED04245F4B6E00CA0FCD /* WeightedDirectedGraphWithAjdMatrix.swift */ = {isa = PBXFileReference; fileEncoding = 4; lastKnownFileType = sourcecode.swift; name = WeightedDirectedGraphWithAjdMatrix.swift; path = DataStructuresAlgorithms/Sources/DataStructures/WeightedDirectedGraphWithAjdMatrix.swift; sourceTree = SOURCE_ROOT; };
		9A9DED05245F4B6E00CA0FCD /* UnionFind.swift */ = {isa = PBXFileReference; fileEncoding = 4; lastKnownFileType = sourcecode.swift; name = UnionFind.swift; path = DataStructuresAlgorithms/Sources/DataStructures/UnionFind.swift; sourceTree = SOURCE_ROOT; };
		9A9DED06245F4B6E00CA0FCD /* IndexedMinPriorityQueue.swift */ = {isa = PBXFileReference; fileEncoding = 4; lastKnownFileType = sourcecode.swift; name = IndexedMinPriorityQueue.swift; path = DataStructuresAlgorithms/Sources/DataStructures/IndexedMinPriorityQueue.swift; sourceTree = SOURCE_ROOT; };
		9A9DED07245F4B6E00CA0FCD /* IntervalTree.swift */ = {isa = PBXFileReference; fileEncoding = 4; lastKnownFileType = sourcecode.swift; name = IntervalTree.swift; path = DataStructuresAlgorithms/Sources/DataStructures/IntervalTree.swift; sourceTree = SOURCE_ROOT; };
		9A9DED08245F4B6E00CA0FCD /* AVLTree.swift */ = {isa = PBXFileReference; fileEncoding = 4; lastKnownFileType = sourcecode.swift; name = AVLTree.swift; path = DataStructuresAlgorithms/Sources/DataStructures/AVLTree.swift; sourceTree = SOURCE_ROOT; };
		9A9DED09245F4B6E00CA0FCD /* Edge.swift */ = {isa = PBXFileReference; fileEncoding = 4; lastKnownFileType = sourcecode.swift; name = Edge.swift; path = DataStructuresAlgorithms/Sources/DataStructures/Edge.swift; sourceTree = SOURCE_ROOT; };
		9AB2A7D52442631400D68903 /* DataStructuresAlgs.entitlements */ = {isa = PBXFileReference; lastKnownFileType = text.plist.entitlements; path = DataStructuresAlgs.entitlements; sourceTree = "<group>"; };
		9AF479FF2429354E00345C01 /* DataStructuresAlgs.app */ = {isa = PBXFileReference; explicitFileType = wrapper.application; includeInIndex = 0; path = DataStructuresAlgs.app; sourceTree = BUILT_PRODUCTS_DIR; };
		9AF47A022429354E00345C01 /* AppDelegate.swift */ = {isa = PBXFileReference; lastKnownFileType = sourcecode.swift; path = AppDelegate.swift; sourceTree = "<group>"; };
		9AF47A042429354E00345C01 /* SceneDelegate.swift */ = {isa = PBXFileReference; lastKnownFileType = sourcecode.swift; path = SceneDelegate.swift; sourceTree = "<group>"; };
		9AF47A062429354E00345C01 /* ViewController.swift */ = {isa = PBXFileReference; lastKnownFileType = sourcecode.swift; path = ViewController.swift; sourceTree = "<group>"; };
		9AF47A092429354E00345C01 /* Base */ = {isa = PBXFileReference; lastKnownFileType = file.storyboard; name = Base; path = Base.lproj/Main.storyboard; sourceTree = "<group>"; };
		9AF47A0B2429354F00345C01 /* Assets.xcassets */ = {isa = PBXFileReference; lastKnownFileType = folder.assetcatalog; path = Assets.xcassets; sourceTree = "<group>"; };
		9AF47A0E2429354F00345C01 /* Base */ = {isa = PBXFileReference; lastKnownFileType = file.storyboard; name = Base; path = Base.lproj/LaunchScreen.storyboard; sourceTree = "<group>"; };
		9AF47A102429354F00345C01 /* Info.plist */ = {isa = PBXFileReference; lastKnownFileType = text.plist.xml; path = Info.plist; sourceTree = "<group>"; };
/* End PBXFileReference section */

/* Begin PBXFrameworksBuildPhase section */
		9AF479FC2429354E00345C01 /* Frameworks */ = {
			isa = PBXFrameworksBuildPhase;
			buildActionMask = 2147483647;
			files = (
			);
			runOnlyForDeploymentPostprocessing = 0;
		};
/* End PBXFrameworksBuildPhase section */

/* Begin PBXGroup section */
		9AF479F62429354E00345C01 = {
			isa = PBXGroup;
			children = (
				9AF47A012429354E00345C01 /* DataStructuresAlgs */,
				9AF47A002429354E00345C01 /* Products */,
			);
			sourceTree = "<group>";
		};
		9AF47A002429354E00345C01 /* Products */ = {
			isa = PBXGroup;
			children = (
				9AF479FF2429354E00345C01 /* DataStructuresAlgs.app */,
			);
			name = Products;
			sourceTree = "<group>";
		};
		9AF47A012429354E00345C01 /* DataStructuresAlgs */ = {
			isa = PBXGroup;
			children = (
				9AB2A7D52442631400D68903 /* DataStructuresAlgs.entitlements */,
				9AF47A27242EB67500345C01 /* Algorithms */,
				9AF47A1C2429357900345C01 /* DataStructures */,
				9AF47A022429354E00345C01 /* AppDelegate.swift */,
				9AF47A042429354E00345C01 /* SceneDelegate.swift */,
				9AF47A062429354E00345C01 /* ViewController.swift */,
				9AF47A082429354E00345C01 /* Main.storyboard */,
				9AF47A0B2429354F00345C01 /* Assets.xcassets */,
				9AF47A0D2429354F00345C01 /* LaunchScreen.storyboard */,
				9AF47A102429354F00345C01 /* Info.plist */,
			);
			path = DataStructuresAlgs;
			sourceTree = "<group>";
		};
		9AF47A1C2429357900345C01 /* DataStructures */ = {
			isa = PBXGroup;
			children = (
				9A9DED08245F4B6E00CA0FCD /* AVLTree.swift */,
				9A9DECFE245F4B6E00CA0FCD /* BitVector.swift */,
				9A9DECF8245F4B6D00CA0FCD /* BTree.swift */,
				9A9DECF9245F4B6D00CA0FCD /* DirectedGraph.swift */,
				9A9DED09245F4B6E00CA0FCD /* Edge.swift */,
				9A9DECF5245F4B6D00CA0FCD /* HashTable.swift */,
				9A9DED06245F4B6E00CA0FCD /* IndexedMinPriorityQueue.swift */,
				9A9DED07245F4B6E00CA0FCD /* IntervalTree.swift */,
				9A9DECFC245F4B6E00CA0FCD /* LinkedList.swift */,
				9A9DED01245F4B6E00CA0FCD /* MinHeap.swift */,
				9A9DECFF245F4B6E00CA0FCD /* Queue.swift */,
				9A9DED00245F4B6E00CA0FCD /* RedBlackTree.swift */,
				9A9DECFD245F4B6E00CA0FCD /* Stack.swift */,
				9A9DECFA245F4B6D00CA0FCD /* Trie.swift */,
				9A9DECF6245F4B6D00CA0FCD /* UndirectedGraph.swift */,
				9A9DED02245F4B6E00CA0FCD /* UndirectedGraphWithAdjMatrix.swift */,
				9A9DED05245F4B6E00CA0FCD /* UnionFind.swift */,
				9A9DED03245F4B6E00CA0FCD /* Vertice.swift */,
				9A9DECF7245F4B6D00CA0FCD /* WeightedDirectedGraph.swift */,
				9A9DED04245F4B6E00CA0FCD /* WeightedDirectedGraphWithAjdMatrix.swift */,
				9A9DECFB245F4B6E00CA0FCD /* WeightedUndirectedGraph.swift */,
			);
			path = DataStructures;
			sourceTree = "<group>";
		};
		9AF47A27242EB67500345C01 /* Algorithms */ = {
			isa = PBXGroup;
			children = (
				9A9DECDD245F4AC500CA0FCD /* BellmanFord.swift */,
				9A9DECE1245F4AC500CA0FCD /* BipartiteGraphChecker.swift */,
				9A9DECD6245F4AC500CA0FCD /* Djikstra.swift */,
				9A9DECDC245F4AC500CA0FCD /* FloydWarshall.swift */,
				9A9DECD7245F4AC500CA0FCD /* GraphSearch.swift */,
				9A9DECDA245F4AC500CA0FCD /* Knapsack.swift */,
				9A9DECDE245F4AC500CA0FCD /* MapReduce.swift */,
				9A9DECD5245F4AC500CA0FCD /* MergeSort.swift */,
				9A9DECD9245F4AC500CA0FCD /* MinimumSpanningTreeKruskal.swift */,
				9A9DECD8245F4AC500CA0FCD /* MinimumSpanningTreePrim.swift */,
				9A9DECDB245F4AC500CA0FCD /* Permutation.swift */,
				9A9DECE4245F4AC500CA0FCD /* QuickSort.swift */,
				9A9DECDF245F4AC500CA0FCD /* RabinKarp.swift */,
				9A9DECE2245F4AC500CA0FCD /* TopologicalSort.swift */,
				9A9DECE0245F4AC500CA0FCD /* TravelingSalesman.swift */,
				9A9DECE3245F4AC500CA0FCD /* UniqueStringSearch.swift */,
			);
			path = Algorithms;
			sourceTree = "<group>";
		};
/* End PBXGroup section */

/* Begin PBXNativeTarget section */
		9AF479FE2429354E00345C01 /* DataStructuresAlgs */ = {
			isa = PBXNativeTarget;
			buildConfigurationList = 9AF47A132429354F00345C01 /* Build configuration list for PBXNativeTarget "DataStructuresAlgs" */;
			buildPhases = (
				9AF479FB2429354E00345C01 /* Sources */,
				9AF479FC2429354E00345C01 /* Frameworks */,
				9AF479FD2429354E00345C01 /* Resources */,
			);
			buildRules = (
			);
			dependencies = (
			);
			name = DataStructuresAlgs;
			productName = DataStructuresAlgs;
			productReference = 9AF479FF2429354E00345C01 /* DataStructuresAlgs.app */;
			productType = "com.apple.product-type.application";
		};
/* End PBXNativeTarget section */

/* Begin PBXProject section */
		9AF479F72429354E00345C01 /* Project object */ = {
			isa = PBXProject;
			attributes = {
				LastSwiftUpdateCheck = 1130;
				LastUpgradeCheck = 1130;
				ORGANIZATIONNAME = "Stefan Jaindl";
				TargetAttributes = {
					9AF479FE2429354E00345C01 = {
						CreatedOnToolsVersion = 11.3.1;
					};
				};
			};
			buildConfigurationList = 9AF479FA2429354E00345C01 /* Build configuration list for PBXProject "DataStructuresAlgs" */;
			compatibilityVersion = "Xcode 9.3";
			developmentRegion = en;
			hasScannedForEncodings = 0;
			knownRegions = (
				en,
				Base,
			);
			mainGroup = 9AF479F62429354E00345C01;
			productRefGroup = 9AF47A002429354E00345C01 /* Products */;
			projectDirPath = "";
			projectRoot = "";
			targets = (
				9AF479FE2429354E00345C01 /* DataStructuresAlgs */,
			);
		};
/* End PBXProject section */

/* Begin PBXResourcesBuildPhase section */
		9AF479FD2429354E00345C01 /* Resources */ = {
			isa = PBXResourcesBuildPhase;
			buildActionMask = 2147483647;
			files = (
				9AF47A0F2429354F00345C01 /* LaunchScreen.storyboard in Resources */,
				9AF47A0C2429354F00345C01 /* Assets.xcassets in Resources */,
				9AF47A0A2429354E00345C01 /* Main.storyboard in Resources */,
			);
			runOnlyForDeploymentPostprocessing = 0;
		};
/* End PBXResourcesBuildPhase section */

/* Begin PBXSourcesBuildPhase section */
		9AF479FB2429354E00345C01 /* Sources */ = {
			isa = PBXSourcesBuildPhase;
			buildActionMask = 2147483647;
			files = (
				9AF47A072429354E00345C01 /* ViewController.swift in Sources */,
				9A9DECED245F4AC600CA0FCD /* BellmanFord.swift in Sources */,
				9A9DED10245F4B6E00CA0FCD /* WeightedUndirectedGraph.swift in Sources */,
				9A9DED0A245F4B6E00CA0FCD /* HashTable.swift in Sources */,
				9A9DED18245F4B6E00CA0FCD /* Vertice.swift in Sources */,
				9A9DECF0245F4AC600CA0FCD /* TravelingSalesman.swift in Sources */,
				9A9DECE7245F4AC600CA0FCD /* GraphSearch.swift in Sources */,
				9A9DED0F245F4B6E00CA0FCD /* Trie.swift in Sources */,
				9A9DECEC245F4AC600CA0FCD /* FloydWarshall.swift in Sources */,
				9A9DECE8245F4AC600CA0FCD /* MinimumSpanningTreePrim.swift in Sources */,
				9A9DED19245F4B6E00CA0FCD /* WeightedDirectedGraphWithAjdMatrix.swift in Sources */,
				9A9DED11245F4B6E00CA0FCD /* LinkedList.swift in Sources */,
				9A9DED16245F4B6E00CA0FCD /* MinHeap.swift in Sources */,
				9A9DECE6245F4AC600CA0FCD /* Djikstra.swift in Sources */,
				9A9DECE9245F4AC600CA0FCD /* MinimumSpanningTreeKruskal.swift in Sources */,
				9A9DED1D245F4B6E00CA0FCD /* AVLTree.swift in Sources */,
				9A9DECF2245F4AC600CA0FCD /* TopologicalSort.swift in Sources */,
				9A9DED1A245F4B6E00CA0FCD /* UnionFind.swift in Sources */,
				9A9DED1E245F4B6E00CA0FCD /* Edge.swift in Sources */,
				9A9DED0B245F4B6E00CA0FCD /* UndirectedGraph.swift in Sources */,
				9A9DECEF245F4AC600CA0FCD /* RabinKarp.swift in Sources */,
				9A9DED0E245F4B6E00CA0FCD /* DirectedGraph.swift in Sources */,
				9A9DED12245F4B6E00CA0FCD /* Stack.swift in Sources */,
				9A9DECEE245F4AC600CA0FCD /* MapReduce.swift in Sources */,
				9A9DECF3245F4AC600CA0FCD /* UniqueStringSearch.swift in Sources */,
				9A9DECE5245F4AC600CA0FCD /* MergeSort.swift in Sources */,
				9A9DED0C245F4B6E00CA0FCD /* WeightedDirectedGraph.swift in Sources */,
				9A9DECF4245F4AC600CA0FCD /* QuickSort.swift in Sources */,
				9AF47A032429354E00345C01 /* AppDelegate.swift in Sources */,
				9A9DECF1245F4AC600CA0FCD /* BipartiteGraphChecker.swift in Sources */,
				9A9DED1C245F4B6E00CA0FCD /* IntervalTree.swift in Sources */,
				9A9DECEA245F4AC600CA0FCD /* Knapsack.swift in Sources */,
				9A9DED1B245F4B6E00CA0FCD /* IndexedMinPriorityQueue.swift in Sources */,
				9A9DED14245F4B6E00CA0FCD /* Queue.swift in Sources */,
				9A9DED13245F4B6E00CA0FCD /* BitVector.swift in Sources */,
				9AF47A052429354E00345C01 /* SceneDelegate.swift in Sources */,
				9A9DED17245F4B6E00CA0FCD /* UndirectedGraphWithAdjMatrix.swift in Sources */,
				9A9DED0D245F4B6E00CA0FCD /* BTree.swift in Sources */,
				9A9DED15245F4B6E00CA0FCD /* RedBlackTree.swift in Sources */,
				9A9DECEB245F4AC600CA0FCD /* Permutation.swift in Sources */,
			);
			runOnlyForDeploymentPostprocessing = 0;
		};
/* End PBXSourcesBuildPhase section */

/* Begin PBXVariantGroup section */
		9AF47A082429354E00345C01 /* Main.storyboard */ = {
			isa = PBXVariantGroup;
			children = (
				9AF47A092429354E00345C01 /* Base */,
			);
			name = Main.storyboard;
			sourceTree = "<group>";
		};
		9AF47A0D2429354F00345C01 /* LaunchScreen.storyboard */ = {
			isa = PBXVariantGroup;
			children = (
				9AF47A0E2429354F00345C01 /* Base */,
			);
			name = LaunchScreen.storyboard;
			sourceTree = "<group>";
		};
/* End PBXVariantGroup section */

/* Begin XCBuildConfiguration section */
		9AF47A112429354F00345C01 /* Debug */ = {
			isa = XCBuildConfiguration;
			buildSettings = {
				ALWAYS_SEARCH_USER_PATHS = NO;
				CLANG_ANALYZER_NONNULL = YES;
				CLANG_ANALYZER_NUMBER_OBJECT_CONVERSION = YES_AGGRESSIVE;
				CLANG_CXX_LANGUAGE_STANDARD = "gnu++14";
				CLANG_CXX_LIBRARY = "libc++";
				CLANG_ENABLE_MODULES = YES;
				CLANG_ENABLE_OBJC_ARC = YES;
				CLANG_ENABLE_OBJC_WEAK = YES;
				CLANG_WARN_BLOCK_CAPTURE_AUTORELEASING = YES;
				CLANG_WARN_BOOL_CONVERSION = YES;
				CLANG_WARN_COMMA = YES;
				CLANG_WARN_CONSTANT_CONVERSION = YES;
				CLANG_WARN_DEPRECATED_OBJC_IMPLEMENTATIONS = YES;
				CLANG_WARN_DIRECT_OBJC_ISA_USAGE = YES_ERROR;
				CLANG_WARN_DOCUMENTATION_COMMENTS = YES;
				CLANG_WARN_EMPTY_BODY = YES;
				CLANG_WARN_ENUM_CONVERSION = YES;
				CLANG_WARN_INFINITE_RECURSION = YES;
				CLANG_WARN_INT_CONVERSION = YES;
				CLANG_WARN_NON_LITERAL_NULL_CONVERSION = YES;
				CLANG_WARN_OBJC_IMPLICIT_RETAIN_SELF = YES;
				CLANG_WARN_OBJC_LITERAL_CONVERSION = YES;
				CLANG_WARN_OBJC_ROOT_CLASS = YES_ERROR;
				CLANG_WARN_RANGE_LOOP_ANALYSIS = YES;
				CLANG_WARN_STRICT_PROTOTYPES = YES;
				CLANG_WARN_SUSPICIOUS_MOVE = YES;
				CLANG_WARN_UNGUARDED_AVAILABILITY = YES_AGGRESSIVE;
				CLANG_WARN_UNREACHABLE_CODE = YES;
				CLANG_WARN__DUPLICATE_METHOD_MATCH = YES;
				COPY_PHASE_STRIP = NO;
				DEBUG_INFORMATION_FORMAT = dwarf;
				ENABLE_STRICT_OBJC_MSGSEND = YES;
				ENABLE_TESTABILITY = YES;
				GCC_C_LANGUAGE_STANDARD = gnu11;
				GCC_DYNAMIC_NO_PIC = NO;
				GCC_NO_COMMON_BLOCKS = YES;
				GCC_OPTIMIZATION_LEVEL = 0;
				GCC_PREPROCESSOR_DEFINITIONS = (
					"DEBUG=1",
					"$(inherited)",
				);
				GCC_WARN_64_TO_32_BIT_CONVERSION = YES;
				GCC_WARN_ABOUT_RETURN_TYPE = YES_ERROR;
				GCC_WARN_UNDECLARED_SELECTOR = YES;
				GCC_WARN_UNINITIALIZED_AUTOS = YES_AGGRESSIVE;
				GCC_WARN_UNUSED_FUNCTION = YES;
				GCC_WARN_UNUSED_VARIABLE = YES;
				IPHONEOS_DEPLOYMENT_TARGET = 13.2;
				MTL_ENABLE_DEBUG_INFO = INCLUDE_SOURCE;
				MTL_FAST_MATH = YES;
				ONLY_ACTIVE_ARCH = YES;
				SDKROOT = iphoneos;
				SWIFT_ACTIVE_COMPILATION_CONDITIONS = DEBUG;
				SWIFT_OPTIMIZATION_LEVEL = "-Onone";
			};
			name = Debug;
		};
		9AF47A122429354F00345C01 /* Release */ = {
			isa = XCBuildConfiguration;
			buildSettings = {
				ALWAYS_SEARCH_USER_PATHS = NO;
				CLANG_ANALYZER_NONNULL = YES;
				CLANG_ANALYZER_NUMBER_OBJECT_CONVERSION = YES_AGGRESSIVE;
				CLANG_CXX_LANGUAGE_STANDARD = "gnu++14";
				CLANG_CXX_LIBRARY = "libc++";
				CLANG_ENABLE_MODULES = YES;
				CLANG_ENABLE_OBJC_ARC = YES;
				CLANG_ENABLE_OBJC_WEAK = YES;
				CLANG_WARN_BLOCK_CAPTURE_AUTORELEASING = YES;
				CLANG_WARN_BOOL_CONVERSION = YES;
				CLANG_WARN_COMMA = YES;
				CLANG_WARN_CONSTANT_CONVERSION = YES;
				CLANG_WARN_DEPRECATED_OBJC_IMPLEMENTATIONS = YES;
				CLANG_WARN_DIRECT_OBJC_ISA_USAGE = YES_ERROR;
				CLANG_WARN_DOCUMENTATION_COMMENTS = YES;
				CLANG_WARN_EMPTY_BODY = YES;
				CLANG_WARN_ENUM_CONVERSION = YES;
				CLANG_WARN_INFINITE_RECURSION = YES;
				CLANG_WARN_INT_CONVERSION = YES;
				CLANG_WARN_NON_LITERAL_NULL_CONVERSION = YES;
				CLANG_WARN_OBJC_IMPLICIT_RETAIN_SELF = YES;
				CLANG_WARN_OBJC_LITERAL_CONVERSION = YES;
				CLANG_WARN_OBJC_ROOT_CLASS = YES_ERROR;
				CLANG_WARN_RANGE_LOOP_ANALYSIS = YES;
				CLANG_WARN_STRICT_PROTOTYPES = YES;
				CLANG_WARN_SUSPICIOUS_MOVE = YES;
				CLANG_WARN_UNGUARDED_AVAILABILITY = YES_AGGRESSIVE;
				CLANG_WARN_UNREACHABLE_CODE = YES;
				CLANG_WARN__DUPLICATE_METHOD_MATCH = YES;
				COPY_PHASE_STRIP = NO;
				DEBUG_INFORMATION_FORMAT = "dwarf-with-dsym";
				ENABLE_NS_ASSERTIONS = NO;
				ENABLE_STRICT_OBJC_MSGSEND = YES;
				GCC_C_LANGUAGE_STANDARD = gnu11;
				GCC_NO_COMMON_BLOCKS = YES;
				GCC_WARN_64_TO_32_BIT_CONVERSION = YES;
				GCC_WARN_ABOUT_RETURN_TYPE = YES_ERROR;
				GCC_WARN_UNDECLARED_SELECTOR = YES;
				GCC_WARN_UNINITIALIZED_AUTOS = YES_AGGRESSIVE;
				GCC_WARN_UNUSED_FUNCTION = YES;
				GCC_WARN_UNUSED_VARIABLE = YES;
				IPHONEOS_DEPLOYMENT_TARGET = 13.2;
				MTL_ENABLE_DEBUG_INFO = NO;
				MTL_FAST_MATH = YES;
				SDKROOT = iphoneos;
				SWIFT_COMPILATION_MODE = wholemodule;
				SWIFT_OPTIMIZATION_LEVEL = "-O";
				VALIDATE_PRODUCT = YES;
			};
			name = Release;
		};
		9AF47A142429354F00345C01 /* Debug */ = {
			isa = XCBuildConfiguration;
			buildSettings = {
				ASSETCATALOG_COMPILER_APPICON_NAME = AppIcon;
				CODE_SIGN_ENTITLEMENTS = DataStructuresAlgs/DataStructuresAlgs.entitlements;
				CODE_SIGN_STYLE = Automatic;
				DEVELOPMENT_TEAM = MAJ9QA679A;
				INFOPLIST_FILE = DataStructuresAlgs/Info.plist;
				LD_RUNPATH_SEARCH_PATHS = (
					"$(inherited)",
					"@executable_path/Frameworks",
				);
				PRODUCT_BUNDLE_IDENTIFIER = com.jnd.DataStructuresAlgs;
				PRODUCT_NAME = "$(TARGET_NAME)";
				SUPPORTS_MACCATALYST = YES;
				SWIFT_VERSION = 5.0;
				TARGETED_DEVICE_FAMILY = "1,2";
			};
			name = Debug;
		};
		9AF47A152429354F00345C01 /* Release */ = {
			isa = XCBuildConfiguration;
			buildSettings = {
				ASSETCATALOG_COMPILER_APPICON_NAME = AppIcon;
				CODE_SIGN_ENTITLEMENTS = DataStructuresAlgs/DataStructuresAlgs.entitlements;
				CODE_SIGN_STYLE = Automatic;
				DEVELOPMENT_TEAM = MAJ9QA679A;
				INFOPLIST_FILE = DataStructuresAlgs/Info.plist;
				LD_RUNPATH_SEARCH_PATHS = (
					"$(inherited)",
					"@executable_path/Frameworks",
				);
				PRODUCT_BUNDLE_IDENTIFIER = com.jnd.DataStructuresAlgs;
				PRODUCT_NAME = "$(TARGET_NAME)";
				SUPPORTS_MACCATALYST = YES;
				SWIFT_VERSION = 5.0;
				TARGETED_DEVICE_FAMILY = "1,2";
			};
			name = Release;
		};
/* End XCBuildConfiguration section */

/* Begin XCConfigurationList section */
		9AF479FA2429354E00345C01 /* Build configuration list for PBXProject "DataStructuresAlgs" */ = {
			isa = XCConfigurationList;
			buildConfigurations = (
				9AF47A112429354F00345C01 /* Debug */,
				9AF47A122429354F00345C01 /* Release */,
			);
			defaultConfigurationIsVisible = 0;
			defaultConfigurationName = Release;
		};
		9AF47A132429354F00345C01 /* Build configuration list for PBXNativeTarget "DataStructuresAlgs" */ = {
			isa = XCConfigurationList;
			buildConfigurations = (
				9AF47A142429354F00345C01 /* Debug */,
				9AF47A152429354F00345C01 /* Release */,
			);
			defaultConfigurationIsVisible = 0;
			defaultConfigurationName = Release;
		};
/* End XCConfigurationList section */
	};
	rootObject = 9AF479F72429354E00345C01 /* Project object */;
}
